dependencies:
- name: cert-manager
  repository: https://charts.jetstack.io
  version: v1.16.1
- name: cilium
  repository: https://helm.cilium.io
  version: 1.16.3
- name: eck-stack
  repository: https://helm.elastic.co
  version: 0.13.0
- name: eck-operator
  repository: https://helm.elastic.co
  version: 2.15.0
- name: argo-cd
  repository: https://argoproj.github.io/argo-helm
  version: 7.7.3
- name: grafana
  repository: https://grafana.github.io/helm-charts
  version: 8.6.0
- name: prometheus
  repository: https://prometheus-community.github.io/helm-charts
  version: 25.30.0
- name: vault
  repository: https://helm.releases.hashicorp.com
  version: 0.29.0
digest: sha256:8f9b286cedd59caa18c5abacacc473be4d6b074632c39d001b07d0619d370480
generated: "2024-11-19T13:41:38.423729609Z"
